<?xml version="1.0" encoding="utf-8"?>
<Project ToolsVersion="4.0" xmlns="http://schemas.microsoft.com/developer/msbuild/2003">
  <ItemGroup>
    <Filter Include="Source Files">
      <UniqueIdentifier>{4FC737F1-C7A5-4376-A066-2A32D752A2FF}</UniqueIdentifier>
      <Extensions>cpp;c;cc;cxx;c++;cppm;ixx;def;odl;idl;hpj;bat;asm;asmx</Extensions>
    </Filter>
    <Filter Include="Header Files">
      <UniqueIdentifier>{93995380-89BD-4b04-88EB-625FBE52EBFB}</UniqueIdentifier>
      <Extensions>h;hh;hpp;hxx;h++;hm;inl;inc;ipp;xsd</Extensions>
    </Filter>
    <Filter Include="Resource Files">
      <UniqueIdentifier>{67DA6AB6-F800-4c08-8B7A-83BB121AAD01}</UniqueIdentifier>
      <Extensions>rc;ico;cur;bmp;dlg;rc2;rct;bin;rgs;gif;jpg;jpeg;jpe;resx;tiff;tif;png;wav;mfcribbon-ms</Extensions>
    </Filter>
  </ItemGroup>
  <ItemGroup>
    <ClCompile Include="engine.cpp">
      <Filter>Source Files</Filter>
    </ClCompile>
    <ClCompile Include="engine_log.cpp">
      <Filter>Source Files</Filter>
    </ClCompile>
    <ClCompile Include="engine_object.cpp">
      <Filter>Source Files</Filter>
    </ClCompile>
    <ClCompile Include="engine_shader.cpp">
      <Filter>Source Files</Filter>
    </ClCompile>
    <ClCompile Include="engine_program.cpp">
      <Filter>Source Files</Filter>
    </ClCompile>
    <ClCompile Include="engine_vao.cpp">
      <Filter>Source Files</Filter>
    </ClCompile>
    <ClCompile Include="engine_managed.cpp">
      <Filter>Source Files</Filter>
    </ClCompile>
    <ClCompile Include="engine_vbo.cpp">
      <Filter>Source Files</Filter>
    </ClCompile>
    <ClCompile Include="engine_ebo.cpp">
      <Filter>Source Files</Filter>
    </ClCompile>
    <ClCompile Include="engine_node.cpp">
      <Filter>Source Files</Filter>
    </ClCompile>
    <ClCompile Include="engine_mesh.cpp">
      <Filter>Source Files</Filter>
    </ClCompile>
    <ClCompile Include="engine_ovo.cpp">
      <Filter>Source Files</Filter>
    </ClCompile>
    <ClCompile Include="engine_serializer.cpp">
      <Filter>Source Files</Filter>
    </ClCompile>
    <ClCompile Include="engine_container.cpp">
      <Filter>Source Files</Filter>
    </ClCompile>
    <ClCompile Include="engine_list.cpp">
      <Filter>Source Files</Filter>
    </ClCompile>
    <ClCompile Include="engine_material.cpp">
      <Filter>Source Files</Filter>
    </ClCompile>
    <ClCompile Include="engine_texture.cpp">
      <Filter>Source Files</Filter>
    </ClCompile>
    <ClCompile Include="engine_bitmap.cpp">
      <Filter>Source Files</Filter>
    </ClCompile>
    <ClCompile Include="engine_pipeline.cpp">
      <Filter>Source Files</Filter>
    </ClCompile>
    <ClCompile Include="engine_pipeline_default.cpp">
      <Filter>Source Files</Filter>
    </ClCompile>
    <ClCompile Include="engine_light.cpp">
      <Filter>Source Files</Filter>
    </ClCompile>
    <ClCompile Include="engine_config.cpp">
      <Filter>Source Files</Filter>
    </ClCompile>
    <ClCompile Include="engine_timer.cpp">
      <Filter>Source Files</Filter>
    </ClCompile>
  </ItemGroup>
  <ItemGroup>
    <ClInclude Include="engine.h">
      <Filter>Header Files</Filter>
    </ClInclude>
    <ClInclude Include="engine_log.h">
      <Filter>Header Files</Filter>
    </ClInclude>
    <ClInclude Include="engine_object.h">
      <Filter>Header Files</Filter>
    </ClInclude>
    <ClInclude Include="engine_shader.h">
      <Filter>Header Files</Filter>
    </ClInclude>
    <ClInclude Include="engine_program.h">
      <Filter>Header Files</Filter>
    </ClInclude>
    <ClInclude Include="engine_vao.h">
      <Filter>Header Files</Filter>
    </ClInclude>
    <ClInclude Include="engine_managed.h">
      <Filter>Header Files</Filter>
    </ClInclude>
    <ClInclude Include="engine_vbo.h">
      <Filter>Header Files</Filter>
    </ClInclude>
    <ClInclude Include="engine_ebo.h">
      <Filter>Header Files</Filter>
    </ClInclude>
    <ClInclude Include="engine_node.h">
      <Filter>Header Files</Filter>
    </ClInclude>
    <ClInclude Include="engine_mesh.h">
      <Filter>Header Files</Filter>
    </ClInclude>
    <ClInclude Include="engine_ovo.h">
      <Filter>Header Files</Filter>
    </ClInclude>
    <ClInclude Include="engine_serializer.h">
      <Filter>Header Files</Filter>
    </ClInclude>
    <ClInclude Include="engine_container.h">
      <Filter>Header Files</Filter>
    </ClInclude>
    <ClInclude Include="engine_list.h">
      <Filter>Header Files</Filter>
    </ClInclude>
    <ClInclude Include="engine_material.h">
      <Filter>Header Files</Filter>
    </ClInclude>
    <ClInclude Include="engine_texture.h">
      <Filter>Header Files</Filter>
    </ClInclude>
    <ClInclude Include="engine_bitmap.h">
      <Filter>Header Files</Filter>
    </ClInclude>
    <ClInclude Include="engine_pipeline.h">
      <Filter>Header Files</Filter>
    </ClInclude>
    <ClInclude Include="engine_pipeline_default.h">
      <Filter>Header Files</Filter>
    </ClInclude>
    <ClInclude Include="engine_light.h">
      <Filter>Header Files</Filter>
    </ClInclude>
    <ClInclude Include="engine_config.h">
      <Filter>Header Files</Filter>
    </ClInclude>
    <ClInclude Include="engine_timer.h">
      <Filter>Header Files</Filter>
    </ClInclude>
  </ItemGroup>
</Project>